<?xml version="1.0" encoding="utf-8"?>
<Project ToolsVersion="4.0" xmlns="http://schemas.microsoft.com/developer/msbuild/2003">
  <ItemGroup>
    <Filter Include="Core">
      <UniqueIdentifier>{2EB4837C-1AEB-840D-C3D7-6A10AFED000F}</UniqueIdentifier>
    </Filter>
    <Filter Include="Platform">
      <UniqueIdentifier>{b22bc2d1-f000-42a5-9ea4-b0a3e97147be}</UniqueIdentifier>
    </Filter>
    <Filter Include="Platform\Windows">
      <UniqueIdentifier>{8edbfec7-cb14-4a05-bf22-6559736fc0cb}</UniqueIdentifier>
    </Filter>
    <Filter Include="Core\Events">
      <UniqueIdentifier>{c39bb6d0-4f51-471b-abad-a726a4d4b4f9}</UniqueIdentifier>
    </Filter>
  </ItemGroup>
  <ItemGroup>
    <ClInclude Include="RMAN\src\Core\Application.h">
      <Filter>Core</Filter>
    </ClInclude>
    <ClInclude Include="RMAN\src\Core\Core.h">
      <Filter>Core</Filter>
    </ClInclude>
    <ClInclude Include="RMAN\src\Core\EntryPoint.h">
      <Filter>Core</Filter>
    </ClInclude>
    <ClInclude Include="RMAN\src\Core\Log.h">
      <Filter>Core</Filter>
    </ClInclude>
    <ClInclude Include="RMAN\src\RMan.h" />
    <ClInclude Include="RMAN\src\Platform\Windows\WindowsWindow.h">
      <Filter>Platform\Windows</Filter>
    </ClInclude>
    <ClInclude Include="RMAN\src\Core\Events\KeyCodes.h">
      <Filter>Core\Events</Filter>
    </ClInclude>
    <ClInclude Include="RMAN\src\Core\Window.h">
      <Filter>Core</Filter>
    </ClInclude>
    <ClInclude Include="RMAN\src\Core\Events\Event.h">
      <Filter>Core\Events</Filter>
    </ClInclude>
  </ItemGroup>
  <ItemGroup>
    <ClCompile Include="RMAN\src\Core\Application.cpp">
      <Filter>Core</Filter>
    </ClCompile>
    <ClCompile Include="RMAN\src\Core\Log.cpp">
      <Filter>Core</Filter>
    </ClCompile>
    <ClCompile Include="RMAN\src\Core\Window.cpp">
      <Filter>Core</Filter>
    </ClCompile>
    <ClCompile Include="RMAN\src\Platform\Windows\WindowsWindow.cpp">
      <Filter>Platform\Windows</Filter>
    </ClCompile>
    <ClCompile Include="RMAN\src\Core\Events\KeyEvent.cpp">
      <Filter>Core\Events</Filter>
    </ClCompile>
  </ItemGroup>
</Project>